
Microsoft Visual Studio Solution File, Format Version 12.00
# Visual Studio Version 16
VisualStudioVersion = 16.0.32802.440
MinimumVisualStudioVersion = 10.0.40219.1
Project("{FAE04EC0-301F-11D3-BF4B-00C04F79EFBC}") = "UserManagement", "UserManagement\UserManagement.csproj", "{DF5A7742-C17D-430F-9FE8-5F2E6B7DF260}"
EndProject
Project("{FAE04EC0-301F-11D3-BF4B-00C04F79EFBC}") = "DomainLayer", "DomainLayer\DomainLayer.csproj", "{E708D796-6860-4412-9CB4-340F1A03974C}"
EndProject
Project("{FAE04EC0-301F-11D3-BF4B-00C04F79EFBC}") = "RepositoryLayer", "RepositoryLayer\RepositoryLayer.csproj", "{86248268-10AD-496F-BB12-0EE3CFDD48A2}"
EndProject
Global
	GlobalSection(SolutionConfigurationPlatforms) = preSolution
		Debug|Any CPU = Debug|Any CPU
		Release|Any CPU = Release|Any CPU
	EndGlobalSection
	GlobalSection(ProjectConfigurationPlatforms) = postSolution
		{DF5A7742-C17D-430F-9FE8-5F2E6B7DF260}.Debug|Any CPU.ActiveCfg = Debug|Any CPU
		{DF5A7742-C17D-430F-9FE8-5F2E6B7DF260}.Debug|Any CPU.Build.0 = Debug|Any CPU
		{DF5A7742-C17D-430F-9FE8-5F2E6B7DF260}.Release|Any CPU.ActiveCfg = Release|Any CPU
		{DF5A7742-C17D-430F-9FE8-5F2E6B7DF260}.Release|Any CPU.Build.0 = Release|Any CPU
		{E708D796-6860-4412-9CB4-340F1A03974C}.Debug|Any CPU.ActiveCfg = Debug|Any CPU
		{E708D796-6860-4412-9CB4-340F1A03974C}.Debug|Any CPU.Build.0 = Debug|Any CPU
		{E708D796-6860-4412-9CB4-340F1A03974C}.Release|Any CPU.ActiveCfg = Release|Any CPU
		{E708D796-6860-4412-9CB4-340F1A03974C}.Release|Any CPU.Build.0 = Release|Any CPU
		{86248268-10AD-496F-BB12-0EE3CFDD48A2}.Debug|Any CPU.ActiveCfg = Debug|Any CPU
		{86248268-10AD-496F-BB12-0EE3CFDD48A2}.Debug|Any CPU.Build.0 = Debug|Any CPU
		{86248268-10AD-496F-BB12-0EE3CFDD48A2}.Release|Any CPU.ActiveCfg = Release|Any CPU
		{86248268-10AD-496F-BB12-0EE3CFDD48A2}.Release|Any CPU.Build.0 = Release|Any CPU
	EndGlobalSection
	GlobalSection(SolutionProperties) = preSolution
		HideSolutionNode = FALSE
	EndGlobalSection
	GlobalSection(ExtensibilityGlobals) = postSolution
		SolutionGuid = {8986CAC3-D11E-498C-844D-7471CF634681}
	EndGlobalSection
EndGlobal
